// !$*UTF8*$!
{
	archiveVersion = 1;
	classes = {
	};
	objectVersion = 48;
	objects = {

/* Begin PBXBuildFile section */
		AE4787241FEA4921005CF1DF /* AppDelegate.swift in Sources */ = {isa = PBXBuildFile; fileRef = AE47870E1FEA4921005CF1DF /* AppDelegate.swift */; };
		AE4787271FEA4921005CF1DF /* MainViewController.swift in Sources */ = {isa = PBXBuildFile; fileRef = AE4787121FEA4921005CF1DF /* MainViewController.swift */; };
		AE4787281FEA4921005CF1DF /* MoyaTTmamaAPIService.swift in Sources */ = {isa = PBXBuildFile; fileRef = AE4787141FEA4921005CF1DF /* MoyaTTmamaAPIService.swift */; };
		AE4787291FEA4921005CF1DF /* Response+MapTMResponse.swift in Sources */ = {isa = PBXBuildFile; fileRef = AE4787161FEA4921005CF1DF /* Response+MapTMResponse.swift */; };
		AE47872A1FEA4921005CF1DF /* RxSwift+TM_Response.swift in Sources */ = {isa = PBXBuildFile; fileRef = AE4787171FEA4921005CF1DF /* RxSwift+TM_Response.swift */; };
		AE47872B1FEA4921005CF1DF /* TM_Response.swift in Sources */ = {isa = PBXBuildFile; fileRef = AE4787181FEA4921005CF1DF /* TM_Response.swift */; };
		AE47872C1FEA4921005CF1DF /* TMApiUnit.swift in Sources */ = {isa = PBXBuildFile; fileRef = AE4787191FEA4921005CF1DF /* TMApiUnit.swift */; };
		AE47872D1FEA4921005CF1DF /* TMBaseViewModel.swift in Sources */ = {isa = PBXBuildFile; fileRef = AE47871A1FEA4921005CF1DF /* TMBaseViewModel.swift */; };
		AE47872E1FEA4921005CF1DF /* TMJSONAble.swift in Sources */ = {isa = PBXBuildFile; fileRef = AE47871C1FEA4921005CF1DF /* TMJSONAble.swift */; };
		AE47872F1FEA4921005CF1DF /* TMResponse+SwiftyJSONMapper.swift in Sources */ = {isa = PBXBuildFile; fileRef = AE47871D1FEA4921005CF1DF /* TMResponse+SwiftyJSONMapper.swift */; };
		AE4787301FEA4922005CF1DF /* TMProgressHUD.swift in Sources */ = {isa = PBXBuildFile; fileRef = AE47871E1FEA4921005CF1DF /* TMProgressHUD.swift */; };
		AE4787311FEA4922005CF1DF /* TTmamaUser.swift in Sources */ = {isa = PBXBuildFile; fileRef = AE47871F1FEA4921005CF1DF /* TTmamaUser.swift */; };
		AE4787321FEA4922005CF1DF /* WangAPIService.swift in Sources */ = {isa = PBXBuildFile; fileRef = AE4787201FEA4921005CF1DF /* WangAPIService.swift */; };
		AE4787331FEA4922005CF1DF /* qidong.mp4 in Resources */ = {isa = PBXBuildFile; fileRef = AE4787211FEA4921005CF1DF /* qidong.mp4 */; };
		AE4787371FEA49D4005CF1DF /* MovieViewController.swift in Sources */ = {isa = PBXBuildFile; fileRef = AE4787361FEA49D4005CF1DF /* MovieViewController.swift */; };
		AE4787421FEA4AD2005CF1DF /* Assets.xcassets in Resources */ = {isa = PBXBuildFile; fileRef = AE4787401FEA4AD1005CF1DF /* Assets.xcassets */; };
		AE4787431FEA4AD2005CF1DF /* Info.plist in Resources */ = {isa = PBXBuildFile; fileRef = AE4787411FEA4AD1005CF1DF /* Info.plist */; };
		AE5FCED71FF4EA1B00BCCE50 /* UIBarButtonItem+Extension.swift in Sources */ = {isa = PBXBuildFile; fileRef = AE5FCED61FF4EA1B00BCCE50 /* UIBarButtonItem+Extension.swift */; };
		AE629F9A1FFB1DAA00CC4DAC /* BaseNavigationController.swift in Sources */ = {isa = PBXBuildFile; fileRef = AE629F991FFB1DAA00CC4DAC /* BaseNavigationController.swift */; };
		AE629F9C1FFB5AAC00CC4DAC /* LeftViewController.swift in Sources */ = {isa = PBXBuildFile; fileRef = AE629F9B1FFB5AAC00CC4DAC /* LeftViewController.swift */; };
		AE629FA01FFB5E9400CC4DAC /* LeftCell.xib in Resources */ = {isa = PBXBuildFile; fileRef = AE629F9F1FFB5E9400CC4DAC /* LeftCell.xib */; };
		AE629FA41FFB654E00CC4DAC /* LeftCell.swift in Sources */ = {isa = PBXBuildFile; fileRef = AE629FA31FFB654E00CC4DAC /* LeftCell.swift */; };
		F063E0F74F0B4DBC79F2A15F /* Pods_UserAnimationPractice.framework in Frameworks */ = {isa = PBXBuildFile; fileRef = 8A3E32466303C3CEF3475211 /* Pods_UserAnimationPractice.framework */; };
/* End PBXBuildFile section */

/* Begin PBXFileReference section */
		762A8337D6A88AED728ACB80 /* Pods-UserAnimationPractice.release.xcconfig */ = {isa = PBXFileReference; includeInIndex = 1; lastKnownFileType = text.xcconfig; name = "Pods-UserAnimationPractice.release.xcconfig"; path = "Pods/Target Support Files/Pods-UserAnimationPractice/Pods-UserAnimationPractice.release.xcconfig"; sourceTree = "<group>"; };
		8A3E32466303C3CEF3475211 /* Pods_UserAnimationPractice.framework */ = {isa = PBXFileReference; explicitFileType = wrapper.framework; includeInIndex = 0; path = Pods_UserAnimationPractice.framework; sourceTree = BUILT_PRODUCTS_DIR; };
		AE47870E1FEA4921005CF1DF /* AppDelegate.swift */ = {isa = PBXFileReference; fileEncoding = 4; lastKnownFileType = sourcecode.swift; path = AppDelegate.swift; sourceTree = "<group>"; };
		AE4787121FEA4921005CF1DF /* MainViewController.swift */ = {isa = PBXFileReference; fileEncoding = 4; lastKnownFileType = sourcecode.swift; path = MainViewController.swift; sourceTree = "<group>"; };
		AE4787141FEA4921005CF1DF /* MoyaTTmamaAPIService.swift */ = {isa = PBXFileReference; fileEncoding = 4; lastKnownFileType = sourcecode.swift; path = MoyaTTmamaAPIService.swift; sourceTree = "<group>"; };
		AE4787161FEA4921005CF1DF /* Response+MapTMResponse.swift */ = {isa = PBXFileReference; fileEncoding = 4; lastKnownFileType = sourcecode.swift; path = "Response+MapTMResponse.swift"; sourceTree = "<group>"; };
		AE4787171FEA4921005CF1DF /* RxSwift+TM_Response.swift */ = {isa = PBXFileReference; fileEncoding = 4; lastKnownFileType = sourcecode.swift; path = "RxSwift+TM_Response.swift"; sourceTree = "<group>"; };
		AE4787181FEA4921005CF1DF /* TM_Response.swift */ = {isa = PBXFileReference; fileEncoding = 4; lastKnownFileType = sourcecode.swift; path = TM_Response.swift; sourceTree = "<group>"; };
		AE4787191FEA4921005CF1DF /* TMApiUnit.swift */ = {isa = PBXFileReference; fileEncoding = 4; lastKnownFileType = sourcecode.swift; path = TMApiUnit.swift; sourceTree = "<group>"; };
		AE47871A1FEA4921005CF1DF /* TMBaseViewModel.swift */ = {isa = PBXFileReference; fileEncoding = 4; lastKnownFileType = sourcecode.swift; path = TMBaseViewModel.swift; sourceTree = "<group>"; };
		AE47871C1FEA4921005CF1DF /* TMJSONAble.swift */ = {isa = PBXFileReference; fileEncoding = 4; lastKnownFileType = sourcecode.swift; path = TMJSONAble.swift; sourceTree = "<group>"; };
		AE47871D1FEA4921005CF1DF /* TMResponse+SwiftyJSONMapper.swift */ = {isa = PBXFileReference; fileEncoding = 4; lastKnownFileType = sourcecode.swift; path = "TMResponse+SwiftyJSONMapper.swift"; sourceTree = "<group>"; };
		AE47871E1FEA4921005CF1DF /* TMProgressHUD.swift */ = {isa = PBXFileReference; fileEncoding = 4; lastKnownFileType = sourcecode.swift; path = TMProgressHUD.swift; sourceTree = "<group>"; };
		AE47871F1FEA4921005CF1DF /* TTmamaUser.swift */ = {isa = PBXFileReference; fileEncoding = 4; lastKnownFileType = sourcecode.swift; path = TTmamaUser.swift; sourceTree = "<group>"; };
		AE4787201FEA4921005CF1DF /* WangAPIService.swift */ = {isa = PBXFileReference; fileEncoding = 4; lastKnownFileType = sourcecode.swift; path = WangAPIService.swift; sourceTree = "<group>"; };
		AE4787211FEA4921005CF1DF /* qidong.mp4 */ = {isa = PBXFileReference; lastKnownFileType = file; path = qidong.mp4; sourceTree = "<group>"; };
		AE4787361FEA49D4005CF1DF /* MovieViewController.swift */ = {isa = PBXFileReference; fileEncoding = 4; lastKnownFileType = sourcecode.swift; path = MovieViewController.swift; sourceTree = "<group>"; };
		AE4787401FEA4AD1005CF1DF /* Assets.xcassets */ = {isa = PBXFileReference; lastKnownFileType = folder.assetcatalog; path = Assets.xcassets; sourceTree = "<group>"; };
		AE4787411FEA4AD1005CF1DF /* Info.plist */ = {isa = PBXFileReference; fileEncoding = 4; lastKnownFileType = text.plist.xml; path = Info.plist; sourceTree = "<group>"; };
		AE4838BA1FE8B55500F27A91 /* UserAnimationPractice.app */ = {isa = PBXFileReference; explicitFileType = wrapper.application; includeInIndex = 0; path = UserAnimationPractice.app; sourceTree = BUILT_PRODUCTS_DIR; };
		AE5FCED61FF4EA1B00BCCE50 /* UIBarButtonItem+Extension.swift */ = {isa = PBXFileReference; lastKnownFileType = sourcecode.swift; path = "UIBarButtonItem+Extension.swift"; sourceTree = "<group>"; };
		AE629F991FFB1DAA00CC4DAC /* BaseNavigationController.swift */ = {isa = PBXFileReference; fileEncoding = 4; lastKnownFileType = sourcecode.swift; path = BaseNavigationController.swift; sourceTree = "<group>"; };
		AE629F9B1FFB5AAC00CC4DAC /* LeftViewController.swift */ = {isa = PBXFileReference; lastKnownFileType = sourcecode.swift; path = LeftViewController.swift; sourceTree = "<group>"; };
		AE629F9F1FFB5E9400CC4DAC /* LeftCell.xib */ = {isa = PBXFileReference; lastKnownFileType = file.xib; path = LeftCell.xib; sourceTree = "<group>"; };
		AE629FA31FFB654E00CC4DAC /* LeftCell.swift */ = {isa = PBXFileReference; lastKnownFileType = sourcecode.swift; path = LeftCell.swift; sourceTree = "<group>"; };
		FC71728377DE8615A2D8994E /* Pods-UserAnimationPractice.debug.xcconfig */ = {isa = PBXFileReference; includeInIndex = 1; lastKnownFileType = text.xcconfig; name = "Pods-UserAnimationPractice.debug.xcconfig"; path = "Pods/Target Support Files/Pods-UserAnimationPractice/Pods-UserAnimationPractice.debug.xcconfig"; sourceTree = "<group>"; };
/* End PBXFileReference section */

/* Begin PBXFrameworksBuildPhase section */
		AE4838B71FE8B55500F27A91 /* Frameworks */ = {
			isa = PBXFrameworksBuildPhase;
			buildActionMask = 2147483647;
			files = (
				F063E0F74F0B4DBC79F2A15F /* Pods_UserAnimationPractice.framework in Frameworks */,
			);
			runOnlyForDeploymentPostprocessing = 0;
		};
/* End PBXFrameworksBuildPhase section */

/* Begin PBXGroup section */
		4954F7FE11C83A1BD03CA6C1 /* Frameworks */ = {
			isa = PBXGroup;
			children = (
				8A3E32466303C3CEF3475211 /* Pods_UserAnimationPractice.framework */,
			);
			name = Frameworks;
			sourceTree = "<group>";
		};
		AE47870D1FEA4921005CF1DF /* UserAnimationPractice */ = {
			isa = PBXGroup;
			children = (
				AE4787471FEA5EF6005CF1DF /* Base */,
				AE4787131FEA4921005CF1DF /* Network */,
				AE4787461FEA58ED005CF1DF /* Source */,
				AE47874A1FEA6CDA005CF1DF /* Extension */,
				AE47870E1FEA4921005CF1DF /* AppDelegate.swift */,
				AE4787361FEA49D4005CF1DF /* MovieViewController.swift */,
				AE4787121FEA4921005CF1DF /* MainViewController.swift */,
				AE629F9B1FFB5AAC00CC4DAC /* LeftViewController.swift */,
				AE629FA31FFB654E00CC4DAC /* LeftCell.swift */,
				AE629F9F1FFB5E9400CC4DAC /* LeftCell.xib */,
				AE4787411FEA4AD1005CF1DF /* Info.plist */,
			);
			path = UserAnimationPractice;
			sourceTree = "<group>";
		};
		AE4787131FEA4921005CF1DF /* Network */ = {
			isa = PBXGroup;
			children = (
				AE4787141FEA4921005CF1DF /* MoyaTTmamaAPIService.swift */,
				AE4787151FEA4921005CF1DF /* TM_Response */,
				AE4787191FEA4921005CF1DF /* TMApiUnit.swift */,
				AE47871A1FEA4921005CF1DF /* TMBaseViewModel.swift */,
				AE47871B1FEA4921005CF1DF /* TMJSONAble */,
				AE47871E1FEA4921005CF1DF /* TMProgressHUD.swift */,
				AE47871F1FEA4921005CF1DF /* TTmamaUser.swift */,
				AE4787201FEA4921005CF1DF /* WangAPIService.swift */,
			);
			path = Network;
			sourceTree = "<group>";
		};
		AE4787151FEA4921005CF1DF /* TM_Response */ = {
			isa = PBXGroup;
			children = (
				AE4787161FEA4921005CF1DF /* Response+MapTMResponse.swift */,
				AE4787171FEA4921005CF1DF /* RxSwift+TM_Response.swift */,
				AE4787181FEA4921005CF1DF /* TM_Response.swift */,
			);
			path = TM_Response;
			sourceTree = "<group>";
		};
		AE47871B1FEA4921005CF1DF /* TMJSONAble */ = {
			isa = PBXGroup;
			children = (
				AE47871C1FEA4921005CF1DF /* TMJSONAble.swift */,
				AE47871D1FEA4921005CF1DF /* TMResponse+SwiftyJSONMapper.swift */,
			);
			path = TMJSONAble;
			sourceTree = "<group>";
		};
		AE4787461FEA58ED005CF1DF /* Source */ = {
			isa = PBXGroup;
			children = (
				AE4787211FEA4921005CF1DF /* qidong.mp4 */,
				AE4787401FEA4AD1005CF1DF /* Assets.xcassets */,
			);
			path = Source;
			sourceTree = "<group>";
		};
		AE4787471FEA5EF6005CF1DF /* Base */ = {
			isa = PBXGroup;
			children = (
				AE629F991FFB1DAA00CC4DAC /* BaseNavigationController.swift */,
			);
			path = Base;
			sourceTree = "<group>";
		};
		AE47874A1FEA6CDA005CF1DF /* Extension */ = {
			isa = PBXGroup;
			children = (
				AE5FCED61FF4EA1B00BCCE50 /* UIBarButtonItem+Extension.swift */,
			);
			path = Extension;
			sourceTree = "<group>";
		};
		AE4838B11FE8B55500F27A91 = {
			isa = PBXGroup;
			children = (
				AE47870D1FEA4921005CF1DF /* UserAnimationPractice */,
				AE4838BB1FE8B55500F27A91 /* Products */,
				C307C80B779CE79D45B12608 /* Pods */,
				4954F7FE11C83A1BD03CA6C1 /* Frameworks */,
			);
			sourceTree = "<group>";
		};
		AE4838BB1FE8B55500F27A91 /* Products */ = {
			isa = PBXGroup;
			children = (
				AE4838BA1FE8B55500F27A91 /* UserAnimationPractice.app */,
			);
			name = Products;
			sourceTree = "<group>";
		};
		C307C80B779CE79D45B12608 /* Pods */ = {
			isa = PBXGroup;
			children = (
				FC71728377DE8615A2D8994E /* Pods-UserAnimationPractice.debug.xcconfig */,
				762A8337D6A88AED728ACB80 /* Pods-UserAnimationPractice.release.xcconfig */,
			);
			name = Pods;
			sourceTree = "<group>";
		};
/* End PBXGroup section */

/* Begin PBXNativeTarget section */
		AE4838B91FE8B55500F27A91 /* UserAnimationPractice */ = {
			isa = PBXNativeTarget;
			buildConfigurationList = AE4838CC1FE8B55500F27A91 /* Build configuration list for PBXNativeTarget "UserAnimationPractice" */;
			buildPhases = (
				7C3CFC6FB08352F55403B8C5 /* [CP] Check Pods Manifest.lock */,
				AE4838B61FE8B55500F27A91 /* Sources */,
				AE4838B71FE8B55500F27A91 /* Frameworks */,
				AE4838B81FE8B55500F27A91 /* Resources */,
				EFAB62F6904D9D0FCD82ECB7 /* [CP] Embed Pods Frameworks */,
				82FAC20B79E6A86D95C18BA9 /* [CP] Copy Pods Resources */,
			);
			buildRules = (
			);
			dependencies = (
			);
			name = UserAnimationPractice;
			productName = UserAnimationPractice;
			productReference = AE4838BA1FE8B55500F27A91 /* UserAnimationPractice.app */;
			productType = "com.apple.product-type.application";
		};
/* End PBXNativeTarget section */

/* Begin PBXProject section */
		AE4838B21FE8B55500F27A91 /* Project object */ = {
			isa = PBXProject;
			attributes = {
				LastSwiftUpdateCheck = 0920;
				LastUpgradeCheck = 0920;
				ORGANIZATIONNAME = "李文静";
				TargetAttributes = {
					AE4838B91FE8B55500F27A91 = {
						CreatedOnToolsVersion = 9.2;
						ProvisioningStyle = Automatic;
					};
				};
			};
			buildConfigurationList = AE4838B51FE8B55500F27A91 /* Build configuration list for PBXProject "UserAnimationPractice" */;
			compatibilityVersion = "Xcode 8.0";
			developmentRegion = en;
			hasScannedForEncodings = 0;
			knownRegions = (
				en,
				Base,
			);
			mainGroup = AE4838B11FE8B55500F27A91;
			productRefGroup = AE4838BB1FE8B55500F27A91 /* Products */;
			projectDirPath = "";
			projectRoot = "";
			targets = (
				AE4838B91FE8B55500F27A91 /* UserAnimationPractice */,
			);
		};
/* End PBXProject section */

/* Begin PBXResourcesBuildPhase section */
		AE4838B81FE8B55500F27A91 /* Resources */ = {
			isa = PBXResourcesBuildPhase;
			buildActionMask = 2147483647;
			files = (
				AE629FA01FFB5E9400CC4DAC /* LeftCell.xib in Resources */,
				AE4787421FEA4AD2005CF1DF /* Assets.xcassets in Resources */,
				AE4787331FEA4922005CF1DF /* qidong.mp4 in Resources */,
				AE4787431FEA4AD2005CF1DF /* Info.plist in Resources */,
			);
			runOnlyForDeploymentPostprocessing = 0;
		};
/* End PBXResourcesBuildPhase section */

/* Begin PBXShellScriptBuildPhase section */
		7C3CFC6FB08352F55403B8C5 /* [CP] Check Pods Manifest.lock */ = {
			isa = PBXShellScriptBuildPhase;
			buildActionMask = 2147483647;
			files = (
			);
			inputPaths = (
				"${PODS_PODFILE_DIR_PATH}/Podfile.lock",
				"${PODS_ROOT}/Manifest.lock",
			);
			name = "[CP] Check Pods Manifest.lock";
			outputPaths = (
				"$(DERIVED_FILE_DIR)/Pods-UserAnimationPractice-checkManifestLockResult.txt",
			);
			runOnlyForDeploymentPostprocessing = 0;
			shellPath = /bin/sh;
			shellScript = "diff \"${PODS_PODFILE_DIR_PATH}/Podfile.lock\" \"${PODS_ROOT}/Manifest.lock\" > /dev/null\nif [ $? != 0 ] ; then\n    # print error to STDERR\n    echo \"error: The sandbox is not in sync with the Podfile.lock. Run 'pod install' or update your CocoaPods installation.\" >&2\n    exit 1\nfi\n# This output is used by Xcode 'outputs' to avoid re-running this script phase.\necho \"SUCCESS\" > \"${SCRIPT_OUTPUT_FILE_0}\"\n";
			showEnvVarsInLog = 0;
		};
		82FAC20B79E6A86D95C18BA9 /* [CP] Copy Pods Resources */ = {
			isa = PBXShellScriptBuildPhase;
			buildActionMask = 2147483647;
			files = (
			);
			inputPaths = (
			);
			name = "[CP] Copy Pods Resources";
			outputPaths = (
			);
			runOnlyForDeploymentPostprocessing = 0;
			shellPath = /bin/sh;
			shellScript = "\"${SRCROOT}/Pods/Target Support Files/Pods-UserAnimationPractice/Pods-UserAnimationPractice-resources.sh\"\n";
			showEnvVarsInLog = 0;
		};
		EFAB62F6904D9D0FCD82ECB7 /* [CP] Embed Pods Frameworks */ = {
			isa = PBXShellScriptBuildPhase;
			buildActionMask = 2147483647;
			files = (
			);
			inputPaths = (
				"${SRCROOT}/Pods/Target Support Files/Pods-UserAnimationPractice/Pods-UserAnimationPractice-frameworks.sh",
				"${BUILT_PRODUCTS_DIR}/Alamofire/Alamofire.framework",
				"${BUILT_PRODUCTS_DIR}/Kingfisher/Kingfisher.framework",
				"${BUILT_PRODUCTS_DIR}/MBProgressHUD/MBProgressHUD.framework",
				"${BUILT_PRODUCTS_DIR}/MJRefresh/MJRefresh.framework",
				"${BUILT_PRODUCTS_DIR}/Moya/Moya.framework",
				"${BUILT_PRODUCTS_DIR}/Result/Result.framework",
				"${BUILT_PRODUCTS_DIR}/RxCocoa/RxCocoa.framework",
				"${BUILT_PRODUCTS_DIR}/RxDataSources/RxDataSources.framework",
				"${BUILT_PRODUCTS_DIR}/RxGesture/RxGesture.framework",
				"${BUILT_PRODUCTS_DIR}/RxSwift/RxSwift.framework",
				"${BUILT_PRODUCTS_DIR}/SnapKit/SnapKit.framework",
				"${BUILT_PRODUCTS_DIR}/SwiftyJSON/SwiftyJSON.framework",
			);
			name = "[CP] Embed Pods Frameworks";
			outputPaths = (
				"${TARGET_BUILD_DIR}/${FRAMEWORKS_FOLDER_PATH}/Alamofire.framework",
				"${TARGET_BUILD_DIR}/${FRAMEWORKS_FOLDER_PATH}/Kingfisher.framework",
				"${TARGET_BUILD_DIR}/${FRAMEWORKS_FOLDER_PATH}/MBProgressHUD.framework",
				"${TARGET_BUILD_DIR}/${FRAMEWORKS_FOLDER_PATH}/MJRefresh.framework",
				"${TARGET_BUILD_DIR}/${FRAMEWORKS_FOLDER_PATH}/Moya.framework",
				"${TARGET_BUILD_DIR}/${FRAMEWORKS_FOLDER_PATH}/Result.framework",
				"${TARGET_BUILD_DIR}/${FRAMEWORKS_FOLDER_PATH}/RxCocoa.framework",
				"${TARGET_BUILD_DIR}/${FRAMEWORKS_FOLDER_PATH}/RxDataSources.framework",
				"${TARGET_BUILD_DIR}/${FRAMEWORKS_FOLDER_PATH}/RxGesture.framework",
				"${TARGET_BUILD_DIR}/${FRAMEWORKS_FOLDER_PATH}/RxSwift.framework",
				"${TARGET_BUILD_DIR}/${FRAMEWORKS_FOLDER_PATH}/SnapKit.framework",
				"${TARGET_BUILD_DIR}/${FRAMEWORKS_FOLDER_PATH}/SwiftyJSON.framework",
			);
			runOnlyForDeploymentPostprocessing = 0;
			shellPath = /bin/sh;
			shellScript = "\"${SRCROOT}/Pods/Target Support Files/Pods-UserAnimationPractice/Pods-UserAnimationPractice-frameworks.sh\"\n";
			showEnvVarsInLog = 0;
		};
/* End PBXShellScriptBuildPhase section */

/* Begin PBXSourcesBuildPhase section */
		AE4838B61FE8B55500F27A91 /* Sources */ = {
			isa = PBXSourcesBuildPhase;
			buildActionMask = 2147483647;
			files = (
				AE629FA41FFB654E00CC4DAC /* LeftCell.swift in Sources */,
				AE47872D1FEA4921005CF1DF /* TMBaseViewModel.swift in Sources */,
				AE47872E1FEA4921005CF1DF /* TMJSONAble.swift in Sources */,
				AE4787371FEA49D4005CF1DF /* MovieViewController.swift in Sources */,
				AE4787281FEA4921005CF1DF /* MoyaTTmamaAPIService.swift in Sources */,
				AE4787301FEA4922005CF1DF /* TMProgressHUD.swift in Sources */,
				AE47872A1FEA4921005CF1DF /* RxSwift+TM_Response.swift in Sources */,
				AE4787241FEA4921005CF1DF /* AppDelegate.swift in Sources */,
				AE5FCED71FF4EA1B00BCCE50 /* UIBarButtonItem+Extension.swift in Sources */,
				AE629F9A1FFB1DAA00CC4DAC /* BaseNavigationController.swift in Sources */,
				AE47872B1FEA4921005CF1DF /* TM_Response.swift in Sources */,
				AE629F9C1FFB5AAC00CC4DAC /* LeftViewController.swift in Sources */,
				AE4787321FEA4922005CF1DF /* WangAPIService.swift in Sources */,
				AE47872F1FEA4921005CF1DF /* TMResponse+SwiftyJSONMapper.swift in Sources */,
				AE4787271FEA4921005CF1DF /* MainViewController.swift in Sources */,
				AE47872C1FEA4921005CF1DF /* TMApiUnit.swift in Sources */,
				AE4787311FEA4922005CF1DF /* TTmamaUser.swift in Sources */,
				AE4787291FEA4921005CF1DF /* Response+MapTMResponse.swift in Sources */,
			);
			runOnlyForDeploymentPostprocessing = 0;
		};
/* End PBXSourcesBuildPhase section */

/* Begin XCBuildConfiguration section */
		AE4838CA1FE8B55500F27A91 /* Debug */ = {
			isa = XCBuildConfiguration;
			buildSettings = {
				ALWAYS_SEARCH_USER_PATHS = NO;
				CLANG_ANALYZER_NONNULL = YES;
				CLANG_ANALYZER_NUMBER_OBJECT_CONVERSION = YES_AGGRESSIVE;
				CLANG_CXX_LANGUAGE_STANDARD = "gnu++14";
				CLANG_CXX_LIBRARY = "libc++";
				CLANG_ENABLE_MODULES = YES;
				CLANG_ENABLE_OBJC_ARC = YES;
				CLANG_WARN_BLOCK_CAPTURE_AUTORELEASING = YES;
				CLANG_WARN_BOOL_CONVERSION = YES;
				CLANG_WARN_COMMA = YES;
				CLANG_WARN_CONSTANT_CONVERSION = YES;
				CLANG_WARN_DIRECT_OBJC_ISA_USAGE = YES_ERROR;
				CLANG_WARN_DOCUMENTATION_COMMENTS = YES;
				CLANG_WARN_EMPTY_BODY = YES;
				CLANG_WARN_ENUM_CONVERSION = YES;
				CLANG_WARN_INFINITE_RECURSION = YES;
				CLANG_WARN_INT_CONVERSION = YES;
				CLANG_WARN_NON_LITERAL_NULL_CONVERSION = YES;
				CLANG_WARN_OBJC_LITERAL_CONVERSION = YES;
				CLANG_WARN_OBJC_ROOT_CLASS = YES_ERROR;
				CLANG_WARN_RANGE_LOOP_ANALYSIS = YES;
				CLANG_WARN_STRICT_PROTOTYPES = YES;
				CLANG_WARN_SUSPICIOUS_MOVE = YES;
				CLANG_WARN_UNGUARDED_AVAILABILITY = YES_AGGRESSIVE;
				CLANG_WARN_UNREACHABLE_CODE = YES;
				CLANG_WARN__DUPLICATE_METHOD_MATCH = YES;
				CODE_SIGN_IDENTITY = "iPhone Developer";
				COPY_PHASE_STRIP = NO;
				DEBUG_INFORMATION_FORMAT = dwarf;
				ENABLE_STRICT_OBJC_MSGSEND = YES;
				ENABLE_TESTABILITY = YES;
				GCC_C_LANGUAGE_STANDARD = gnu11;
				GCC_DYNAMIC_NO_PIC = NO;
				GCC_NO_COMMON_BLOCKS = YES;
				GCC_OPTIMIZATION_LEVEL = 0;
				GCC_PREPROCESSOR_DEFINITIONS = (
					"DEBUG=1",
					"$(inherited)",
				);
				GCC_WARN_64_TO_32_BIT_CONVERSION = YES;
				GCC_WARN_ABOUT_RETURN_TYPE = YES_ERROR;
				GCC_WARN_UNDECLARED_SELECTOR = YES;
				GCC_WARN_UNINITIALIZED_AUTOS = YES_AGGRESSIVE;
				GCC_WARN_UNUSED_FUNCTION = YES;
				GCC_WARN_UNUSED_VARIABLE = YES;
				IPHONEOS_DEPLOYMENT_TARGET = 11.2;
				MTL_ENABLE_DEBUG_INFO = YES;
				ONLY_ACTIVE_ARCH = YES;
				SDKROOT = iphoneos;
				SWIFT_ACTIVE_COMPILATION_CONDITIONS = DEBUG;
				SWIFT_OPTIMIZATION_LEVEL = "-Onone";
			};
			name = Debug;
		};
		AE4838CB1FE8B55500F27A91 /* Release */ = {
			isa = XCBuildConfiguration;
			buildSettings = {
				ALWAYS_SEARCH_USER_PATHS = NO;
				CLANG_ANALYZER_NONNULL = YES;
				CLANG_ANALYZER_NUMBER_OBJECT_CONVERSION = YES_AGGRESSIVE;
				CLANG_CXX_LANGUAGE_STANDARD = "gnu++14";
				CLANG_CXX_LIBRARY = "libc++";
				CLANG_ENABLE_MODULES = YES;
				CLANG_ENABLE_OBJC_ARC = YES;
				CLANG_WARN_BLOCK_CAPTURE_AUTORELEASING = YES;
				CLANG_WARN_BOOL_CONVERSION = YES;
				CLANG_WARN_COMMA = YES;
				CLANG_WARN_CONSTANT_CONVERSION = YES;
				CLANG_WARN_DIRECT_OBJC_ISA_USAGE = YES_ERROR;
				CLANG_WARN_DOCUMENTATION_COMMENTS = YES;
				CLANG_WARN_EMPTY_BODY = YES;
				CLANG_WARN_ENUM_CONVERSION = YES;
				CLANG_WARN_INFINITE_RECURSION = YES;
				CLANG_WARN_INT_CONVERSION = YES;
				CLANG_WARN_NON_LITERAL_NULL_CONVERSION = YES;
				CLANG_WARN_OBJC_LITERAL_CONVERSION = YES;
				CLANG_WARN_OBJC_ROOT_CLASS = YES_ERROR;
				CLANG_WARN_RANGE_LOOP_ANALYSIS = YES;
				CLANG_WARN_STRICT_PROTOTYPES = YES;
				CLANG_WARN_SUSPICIOUS_MOVE = YES;
				CLANG_WARN_UNGUARDED_AVAILABILITY = YES_AGGRESSIVE;
				CLANG_WARN_UNREACHABLE_CODE = YES;
				CLANG_WARN__DUPLICATE_METHOD_MATCH = YES;
				CODE_SIGN_IDENTITY = "iPhone Developer";
				COPY_PHASE_STRIP = NO;
				DEBUG_INFORMATION_FORMAT = "dwarf-with-dsym";
				ENABLE_NS_ASSERTIONS = NO;
				ENABLE_STRICT_OBJC_MSGSEND = YES;
				GCC_C_LANGUAGE_STANDARD = gnu11;
				GCC_NO_COMMON_BLOCKS = YES;
				GCC_WARN_64_TO_32_BIT_CONVERSION = YES;
				GCC_WARN_ABOUT_RETURN_TYPE = YES_ERROR;
				GCC_WARN_UNDECLARED_SELECTOR = YES;
				GCC_WARN_UNINITIALIZED_AUTOS = YES_AGGRESSIVE;
				GCC_WARN_UNUSED_FUNCTION = YES;
				GCC_WARN_UNUSED_VARIABLE = YES;
				IPHONEOS_DEPLOYMENT_TARGET = 11.2;
				MTL_ENABLE_DEBUG_INFO = NO;
				SDKROOT = iphoneos;
				SWIFT_OPTIMIZATION_LEVEL = "-Owholemodule";
				VALIDATE_PRODUCT = YES;
			};
			name = Release;
		};
		AE4838CD1FE8B55500F27A91 /* Debug */ = {
			isa = XCBuildConfiguration;
			baseConfigurationReference = FC71728377DE8615A2D8994E /* Pods-UserAnimationPractice.debug.xcconfig */;
			buildSettings = {
				ASSETCATALOG_COMPILER_APPICON_NAME = AppIcon;
				"CODE_SIGN_IDENTITY[sdk=iphoneos*]" = "iPhone Developer";
				CODE_SIGN_STYLE = Automatic;
				DEVELOPMENT_TEAM = "";
				INFOPLIST_FILE = UserAnimationPractice/Info.plist;
				LD_RUNPATH_SEARCH_PATHS = "$(inherited) @executable_path/Frameworks";
				PRODUCT_BUNDLE_IDENTIFIER = com.ittmama.com.UserAnimationPractice;
				PRODUCT_NAME = "$(TARGET_NAME)";
				PROVISIONING_PROFILE_SPECIFIER = "";
				SWIFT_VERSION = 4.0;
				TARGETED_DEVICE_FAMILY = "1,2";
			};
			name = Debug;
		};
		AE4838CE1FE8B55500F27A91 /* Release */ = {
			isa = XCBuildConfiguration;
			baseConfigurationReference = 762A8337D6A88AED728ACB80 /* Pods-UserAnimationPractice.release.xcconfig */;
			buildSettings = {
				ASSETCATALOG_COMPILER_APPICON_NAME = AppIcon;
				"CODE_SIGN_IDENTITY[sdk=iphoneos*]" = "iPhone Developer";
				CODE_SIGN_STYLE = Automatic;
				DEVELOPMENT_TEAM = "";
				INFOPLIST_FILE = UserAnimationPractice/Info.plist;
				LD_RUNPATH_SEARCH_PATHS = "$(inherited) @executable_path/Frameworks";
				PRODUCT_BUNDLE_IDENTIFIER = com.ittmama.com.UserAnimationPractice;
				PRODUCT_NAME = "$(TARGET_NAME)";
				PROVISIONING_PROFILE_SPECIFIER = "";
				SWIFT_VERSION = 4.0;
				TARGETED_DEVICE_FAMILY = "1,2";
			};
			name = Release;
		};
/* End XCBuildConfiguration section */

/* Begin XCConfigurationList section */
		AE4838B51FE8B55500F27A91 /* Build configuration list for PBXProject "UserAnimationPractice" */ = {
			isa = XCConfigurationList;
			buildConfigurations = (
				AE4838CA1FE8B55500F27A91 /* Debug */,
				AE4838CB1FE8B55500F27A91 /* Release */,
			);
			defaultConfigurationIsVisible = 0;
			defaultConfigurationName = Release;
		};
		AE4838CC1FE8B55500F27A91 /* Build configuration list for PBXNativeTarget "UserAnimationPractice" */ = {
			isa = XCConfigurationList;
			buildConfigurations = (
				AE4838CD1FE8B55500F27A91 /* Debug */,
				AE4838CE1FE8B55500F27A91 /* Release */,
			);
			defaultConfigurationIsVisible = 0;
			defaultConfigurationName = Release;
		};
/* End XCConfigurationList section */
	};
	rootObject = AE4838B21FE8B55500F27A91 /* Project object */;
}
